
Microsoft Visual Studio Solution File, Format Version 12.00
# Visual Studio Version 16
VisualStudioVersion = 16.0.30711.63
MinimumVisualStudioVersion = 10.0.40219.1
Project("{FAE04EC0-301F-11D3-BF4B-00C04F79EFBC}") = "ExchangeService", "ExchangeService\ExchangeService.csproj", "{F31E570B-6C2D-4C82-B294-0BB0B549C45F}"
EndProject
Project("{FAE04EC0-301F-11D3-BF4B-00C04F79EFBC}") = "ExchangeServiceTest", "ExchangeServiceTest\ExchangeServiceTest.csproj", "{602026FE-01BB-4AD9-88AD-3EFCA25B14F5}"
EndProject
Global
	GlobalSection(SolutionConfigurationPlatforms) = preSolution
		Debug|Any CPU = Debug|Any CPU
		Release|Any CPU = Release|Any CPU
	EndGlobalSection
	GlobalSection(ProjectConfigurationPlatforms) = postSolution
		{F31E570B-6C2D-4C82-B294-0BB0B549C45F}.Debug|Any CPU.ActiveCfg = Debug|Any CPU
		{F31E570B-6C2D-4C82-B294-0BB0B549C45F}.Debug|Any CPU.Build.0 = Debug|Any CPU
		{F31E570B-6C2D-4C82-B294-0BB0B549C45F}.Release|Any CPU.ActiveCfg = Release|Any CPU
		{F31E570B-6C2D-4C82-B294-0BB0B549C45F}.Release|Any CPU.Build.0 = Release|Any CPU
		{602026FE-01BB-4AD9-88AD-3EFCA25B14F5}.Debug|Any CPU.ActiveCfg = Debug|Any CPU
		{602026FE-01BB-4AD9-88AD-3EFCA25B14F5}.Debug|Any CPU.Build.0 = Debug|Any CPU
		{602026FE-01BB-4AD9-88AD-3EFCA25B14F5}.Release|Any CPU.ActiveCfg = Release|Any CPU
		{602026FE-01BB-4AD9-88AD-3EFCA25B14F5}.Release|Any CPU.Build.0 = Release|Any CPU
	EndGlobalSection
	GlobalSection(SolutionProperties) = preSolution
		HideSolutionNode = FALSE
	EndGlobalSection
	GlobalSection(ExtensibilityGlobals) = postSolution
		SolutionGuid = {97C83D6E-6111-45B2-926E-D3A5B46DFBAB}
	EndGlobalSection
EndGlobal
